// !$*UTF8*$!
{
	archiveVersion = 1;
	classes = {
	};
	objectVersion = 51;
	objects = {

/* Begin PBXBuildFile section */
		7E6BDFB8AAD49B8911D8E608 /* CO2RechnerView.swift in Sources */ = {isa = PBXBuildFile; fileRef = 7000D749DBB94B00998D429C /* CO2RechnerView.swift */; };
		8A462147900B1CFBFF3535C5 /* CO2RechnerAppDelegate.swift in Sources */ = {isa = PBXBuildFile; fileRef = F9015A2835C68AB94389E196 /* CO2RechnerAppDelegate.swift */; };
		BF0FA1B72361F5B70003660E /* CO2Rechner.swift in Sources */ = {isa = PBXBuildFile; fileRef = BF0FA1B62361F5B70003660E /* CO2Rechner.swift */; };
		C2C2F958C6CD4E9175FB3A2D /* Assets.xcassets in Resources */ = {isa = PBXBuildFile; fileRef = CCE41D7DC8DADB65E7B2854E /* Assets.xcassets */; };
		D8D50FF3790A61D33CBD22C7 /* LaunchScreen.storyboard in Resources */ = {isa = PBXBuildFile; fileRef = 73FB3AC96089ADB463FD8E67 /* LaunchScreen.storyboard */; };
/* End PBXBuildFile section */

/* Begin PBXFileReference section */
		10FE0C81552A836C09B9C353 /* CO2Rechner.app */ = {isa = PBXFileReference; includeInIndex = 0; lastKnownFileType = wrapper.application; path = CO2Rechner.app; sourceTree = BUILT_PRODUCTS_DIR; };
		67BADE7AF11BAD5472E56275 /* Info.plist */ = {isa = PBXFileReference; lastKnownFileType = text.plist.xml; path = Info.plist; sourceTree = "<group>"; };
		7000D749DBB94B00998D429C /* CO2RechnerView.swift */ = {isa = PBXFileReference; lastKnownFileType = sourcecode.swift; path = CO2RechnerView.swift; sourceTree = "<group>"; };
		BF0FA1B62361F5B70003660E /* CO2Rechner.swift */ = {isa = PBXFileReference; lastKnownFileType = sourcecode.swift; path = CO2Rechner.swift; sourceTree = "<group>"; };
		CCD10BCBED5D3CF0292862DB /* Base */ = {isa = PBXFileReference; lastKnownFileType = file.storyboard; name = Base; path = Base.lproj/LaunchScreen.storyboard; sourceTree = "<group>"; };
		CCE41D7DC8DADB65E7B2854E /* Assets.xcassets */ = {isa = PBXFileReference; lastKnownFileType = folder.assetcatalog; path = Assets.xcassets; sourceTree = "<group>"; };
		F9015A2835C68AB94389E196 /* CO2RechnerAppDelegate.swift */ = {isa = PBXFileReference; lastKnownFileType = sourcecode.swift; path = CO2RechnerAppDelegate.swift; sourceTree = "<group>"; };
/* End PBXFileReference section */

/* Begin PBXGroup section */
		1F2E5CCD3A37584A37CA819D = {
			isa = PBXGroup;
			children = (
				6DE7C4569B74ED82237EF61F /* CO2Rechner */,
				501A70F53B6908EC89CB0E27 /* Products */,
			);
			sourceTree = "<group>";
		};
		410755C10438AC2D526A4723 /* Assets */ = {
			isa = PBXGroup;
			children = (
				CCE41D7DC8DADB65E7B2854E /* Assets.xcassets */,
				73FB3AC96089ADB463FD8E67 /* LaunchScreen.storyboard */,
			);
			path = Assets;
			sourceTree = "<group>";
		};
		4A87D575A5B4A83E56A2C3E2 /* UI */ = {
			isa = PBXGroup;
			children = (
				7000D749DBB94B00998D429C /* CO2RechnerView.swift */,
			);
			path = UI;
			sourceTree = "<group>";
		};
		4E4028A8FA9DDAB3492BF99C /* App */ = {
			isa = PBXGroup;
			children = (
				F9015A2835C68AB94389E196 /* CO2RechnerAppDelegate.swift */,
				67BADE7AF11BAD5472E56275 /* Info.plist */,
			);
			path = App;
			sourceTree = "<group>";
		};
		501A70F53B6908EC89CB0E27 /* Products */ = {
			isa = PBXGroup;
			children = (
				10FE0C81552A836C09B9C353 /* CO2Rechner.app */,
			);
			name = Products;
			sourceTree = "<group>";
		};
		6DE7C4569B74ED82237EF61F /* CO2Rechner */ = {
			isa = PBXGroup;
			children = (
				4E4028A8FA9DDAB3492BF99C /* App */,
				410755C10438AC2D526A4723 /* Assets */,
				4A87D575A5B4A83E56A2C3E2 /* UI */,
				BF0FA1B52361F5AA0003660E /* Model */,
			);
			path = CO2Rechner;
			sourceTree = "<group>";
		};
		BF0FA1B52361F5AA0003660E /* Model */ = {
			isa = PBXGroup;
			children = (
				BF0FA1B62361F5B70003660E /* CO2Rechner.swift */,
			);
			path = Model;
			sourceTree = "<group>";
		};
/* End PBXGroup section */

/* Begin PBXNativeTarget section */
		B3EAFF0ACECECBB55580408E /* CO2Rechner */ = {
			isa = PBXNativeTarget;
			buildConfigurationList = F0400C6C4C25D70A0AD0972E /* Build configuration list for PBXNativeTarget "CO2Rechner" */;
			buildPhases = (
				FC0887EC06423A69A637F5EA /* Sources */,
				7A8CD1F7A306D6CEF9505904 /* Resources */,
			);
			buildRules = (
			);
			dependencies = (
			);
			name = CO2Rechner;
			productName = CO2Rechner;
			productReference = 10FE0C81552A836C09B9C353 /* CO2Rechner.app */;
			productType = "com.apple.product-type.application";
		};
/* End PBXNativeTarget section */

/* Begin PBXProject section */
		BAB5E57E51620958DCACD96D /* Project object */ = {
			isa = PBXProject;
			attributes = {
				LastUpgradeCheck = 1020;
			};
			buildConfigurationList = 024E2F846EA231A4EB9F13C9 /* Build configuration list for PBXProject "CO2Rechner" */;
			compatibilityVersion = "Xcode 10.0";
			developmentRegion = en;
			hasScannedForEncodings = 0;
			knownRegions = (
				en,
				Base,
			);
			mainGroup = 1F2E5CCD3A37584A37CA819D;
			projectDirPath = "";
			projectRoot = "";
			targets = (
				B3EAFF0ACECECBB55580408E /* CO2Rechner */,
			);
		};
/* End PBXProject section */

/* Begin PBXResourcesBuildPhase section */
		7A8CD1F7A306D6CEF9505904 /* Resources */ = {
			isa = PBXResourcesBuildPhase;
			buildActionMask = 2147483647;
			files = (
				C2C2F958C6CD4E9175FB3A2D /* Assets.xcassets in Resources */,
				D8D50FF3790A61D33CBD22C7 /* LaunchScreen.storyboard in Resources */,
			);
			runOnlyForDeploymentPostprocessing = 0;
		};
/* End PBXResourcesBuildPhase section */

/* Begin PBXSourcesBuildPhase section */
		FC0887EC06423A69A637F5EA /* Sources */ = {
			isa = PBXSourcesBuildPhase;
			buildActionMask = 2147483647;
			files = (
				8A462147900B1CFBFF3535C5 /* CO2RechnerAppDelegate.swift in Sources */,
				BF0FA1B72361F5B70003660E /* CO2Rechner.swift in Sources */,
				7E6BDFB8AAD49B8911D8E608 /* CO2RechnerView.swift in Sources */,
			);
			runOnlyForDeploymentPostprocessing = 0;
		};
/* End PBXSourcesBuildPhase section */

/* Begin PBXVariantGroup section */
		73FB3AC96089ADB463FD8E67 /* LaunchScreen.storyboard */ = {
			isa = PBXVariantGroup;
			children = (
				CCD10BCBED5D3CF0292862DB /* Base */,
			);
			name = LaunchScreen.storyboard;
			sourceTree = "<group>";
		};
/* End PBXVariantGroup section */

/* Begin XCBuildConfiguration section */
		12B679675E6135A8B3A4F6EC /* Debug */ = {
			isa = XCBuildConfiguration;
			buildSettings = {
				ASSETCATALOG_COMPILER_APPICON_NAME = AppIcon;
				CODE_SIGN_IDENTITY = "iPhone Developer";
				INFOPLIST_FILE = CO2Rechner/App/Info.plist;
				LD_RUNPATH_SEARCH_PATHS = (
					"$(inherited)",
					"@executable_path/Frameworks",
				);
				PRODUCT_BUNDLE_IDENTIFIER = com.example.CO2Rechner;
				SDKROOT = iphoneos;
				SWIFT_VERSION = 5.0;
				TARGETED_DEVICE_FAMILY = "1,2";
			};
			name = Debug;
		};
		75F34BA791A288204EC089EF /* Release */ = {
			isa = XCBuildConfiguration;
			buildSettings = {
				ASSETCATALOG_COMPILER_APPICON_NAME = AppIcon;
				CODE_SIGN_IDENTITY = "iPhone Developer";
				INFOPLIST_FILE = CO2Rechner/App/Info.plist;
				LD_RUNPATH_SEARCH_PATHS = (
					"$(inherited)",
					"@executable_path/Frameworks",
				);
				PRODUCT_BUNDLE_IDENTIFIER = com.example.CO2Rechner;
				SDKROOT = iphoneos;
				SWIFT_VERSION = 5.0;
				TARGETED_DEVICE_FAMILY = "1,2";
			};
			name = Release;
		};
		E0ECC92FC779F763E94CC80F /* Debug */ = {
			isa = XCBuildConfiguration;
			buildSettings = {
				ALWAYS_SEARCH_USER_PATHS = NO;
				CLANG_ANALYZER_NONNULL = YES;
				CLANG_ANALYZER_NUMBER_OBJECT_CONVERSION = YES_AGGRESSIVE;
				CLANG_CXX_LANGUAGE_STANDARD = "gnu++14";
				CLANG_CXX_LIBRARY = "libc++";
				CLANG_ENABLE_MODULES = YES;
				CLANG_ENABLE_OBJC_ARC = YES;
				CLANG_WARN_BLOCK_CAPTURE_AUTORELEASING = YES;
				CLANG_WARN_BOOL_CONVERSION = YES;
				CLANG_WARN_COMMA = YES;
				CLANG_WARN_CONSTANT_CONVERSION = YES;
				CLANG_WARN_DEPRECATED_OBJC_IMPLEMENTATIONS = YES;
				CLANG_WARN_DIRECT_OBJC_ISA_USAGE = YES_ERROR;
				CLANG_WARN_DOCUMENTATION_COMMENTS = YES;
				CLANG_WARN_EMPTY_BODY = YES;
				CLANG_WARN_ENUM_CONVERSION = YES;
				CLANG_WARN_INFINITE_RECURSION = YES;
				CLANG_WARN_INT_CONVERSION = YES;
				CLANG_WARN_NON_LITERAL_NULL_CONVERSION = YES;
				CLANG_WARN_OBJC_IMPLICIT_RETAIN_SELF = YES;
				CLANG_WARN_OBJC_LITERAL_CONVERSION = YES;
				CLANG_WARN_OBJC_ROOT_CLASS = YES_ERROR;
				CLANG_WARN_RANGE_LOOP_ANALYSIS = YES;
				CLANG_WARN_STRICT_PROTOTYPES = YES;
				CLANG_WARN_SUSPICIOUS_MOVE = YES;
				CLANG_WARN_UNGUARDED_AVAILABILITY = YES_AGGRESSIVE;
				CLANG_WARN_UNREACHABLE_CODE = YES;
				CLANG_WARN__DUPLICATE_METHOD_MATCH = YES;
				COPY_PHASE_STRIP = NO;
				DEBUG_INFORMATION_FORMAT = dwarf;
				ENABLE_STRICT_OBJC_MSGSEND = YES;
				ENABLE_TESTABILITY = YES;
				GCC_C_LANGUAGE_STANDARD = gnu11;
				GCC_DYNAMIC_NO_PIC = NO;
				GCC_NO_COMMON_BLOCKS = YES;
				GCC_OPTIMIZATION_LEVEL = 0;
				GCC_PREPROCESSOR_DEFINITIONS = (
					"$(inherited)",
					"DEBUG=1",
				);
				GCC_WARN_64_TO_32_BIT_CONVERSION = YES;
				GCC_WARN_ABOUT_RETURN_TYPE = YES_ERROR;
				GCC_WARN_UNDECLARED_SELECTOR = YES;
				GCC_WARN_UNINITIALIZED_AUTOS = YES_AGGRESSIVE;
				GCC_WARN_UNUSED_FUNCTION = YES;
				GCC_WARN_UNUSED_VARIABLE = YES;
				IPHONEOS_DEPLOYMENT_TARGET = 13.0;
				MTL_ENABLE_DEBUG_INFO = YES;
				ONLY_ACTIVE_ARCH = YES;
				PRODUCT_NAME = "$(TARGET_NAME)";
				SDKROOT = iphoneos;
				SWIFT_ACTIVE_COMPILATION_CONDITIONS = DEBUG;
				SWIFT_OPTIMIZATION_LEVEL = "-Onone";
				SWIFT_VERSION = 5.0;
			};
			name = Debug;
		};
		E9248842F19C5B08DA626B0D /* Release */ = {
			isa = XCBuildConfiguration;
			buildSettings = {
				ALWAYS_SEARCH_USER_PATHS = NO;
				CLANG_ANALYZER_NONNULL = YES;
				CLANG_ANALYZER_NUMBER_OBJECT_CONVERSION = YES_AGGRESSIVE;
				CLANG_CXX_LANGUAGE_STANDARD = "gnu++14";
				CLANG_CXX_LIBRARY = "libc++";
				CLANG_ENABLE_MODULES = YES;
				CLANG_ENABLE_OBJC_ARC = YES;
				CLANG_WARN_BLOCK_CAPTURE_AUTORELEASING = YES;
				CLANG_WARN_BOOL_CONVERSION = YES;
				CLANG_WARN_COMMA = YES;
				CLANG_WARN_CONSTANT_CONVERSION = YES;
				CLANG_WARN_DEPRECATED_OBJC_IMPLEMENTATIONS = YES;
				CLANG_WARN_DIRECT_OBJC_ISA_USAGE = YES_ERROR;
				CLANG_WARN_DOCUMENTATION_COMMENTS = YES;
				CLANG_WARN_EMPTY_BODY = YES;
				CLANG_WARN_ENUM_CONVERSION = YES;
				CLANG_WARN_INFINITE_RECURSION = YES;
				CLANG_WARN_INT_CONVERSION = YES;
				CLANG_WARN_NON_LITERAL_NULL_CONVERSION = YES;
				CLANG_WARN_OBJC_IMPLICIT_RETAIN_SELF = YES;
				CLANG_WARN_OBJC_LITERAL_CONVERSION = YES;
				CLANG_WARN_OBJC_ROOT_CLASS = YES_ERROR;
				CLANG_WARN_RANGE_LOOP_ANALYSIS = YES;
				CLANG_WARN_STRICT_PROTOTYPES = YES;
				CLANG_WARN_SUSPICIOUS_MOVE = YES;
				CLANG_WARN_UNGUARDED_AVAILABILITY = YES_AGGRESSIVE;
				CLANG_WARN_UNREACHABLE_CODE = YES;
				CLANG_WARN__DUPLICATE_METHOD_MATCH = YES;
				COPY_PHASE_STRIP = NO;
				DEBUG_INFORMATION_FORMAT = "dwarf-with-dsym";
				ENABLE_NS_ASSERTIONS = NO;
				ENABLE_STRICT_OBJC_MSGSEND = YES;
				GCC_C_LANGUAGE_STANDARD = gnu11;
				GCC_NO_COMMON_BLOCKS = YES;
				GCC_WARN_64_TO_32_BIT_CONVERSION = YES;
				GCC_WARN_ABOUT_RETURN_TYPE = YES_ERROR;
				GCC_WARN_UNDECLARED_SELECTOR = YES;
				GCC_WARN_UNINITIALIZED_AUTOS = YES_AGGRESSIVE;
				GCC_WARN_UNUSED_FUNCTION = YES;
				GCC_WARN_UNUSED_VARIABLE = YES;
				IPHONEOS_DEPLOYMENT_TARGET = 13.0;
				PRODUCT_NAME = "$(TARGET_NAME)";
				SDKROOT = iphoneos;
				SWIFT_COMPILATION_MODE = wholemodule;
				SWIFT_VERSION = 5.0;
				VALIDATE_PRODUCT = YES;
			};
			name = Release;
		};
/* End XCBuildConfiguration section */

/* Begin XCConfigurationList section */
		024E2F846EA231A4EB9F13C9 /* Build configuration list for PBXProject "CO2Rechner" */ = {
			isa = XCConfigurationList;
			buildConfigurations = (
				E0ECC92FC779F763E94CC80F /* Debug */,
				E9248842F19C5B08DA626B0D /* Release */,
			);
			defaultConfigurationIsVisible = 0;
			defaultConfigurationName = Debug;
		};
		F0400C6C4C25D70A0AD0972E /* Build configuration list for PBXNativeTarget "CO2Rechner" */ = {
			isa = XCConfigurationList;
			buildConfigurations = (
				12B679675E6135A8B3A4F6EC /* Debug */,
				75F34BA791A288204EC089EF /* Release */,
			);
			defaultConfigurationIsVisible = 0;
			defaultConfigurationName = "";
		};
/* End XCConfigurationList section */
	};
	rootObject = BAB5E57E51620958DCACD96D /* Project object */;
}
